
Microsoft Visual Studio Solution File, Format Version 12.00
# Visual Studio Version 16
VisualStudioVersion = 16.0.31112.23
MinimumVisualStudioVersion = 10.0.40219.1
Project("{9A19103F-16F7-4668-BE54-9A1E7A4F7556}") = "SmartAssembly.Database", "Database\SmartAssembly.Database.csproj", "{AEDED8FC-FA99-47D5-B9D5-751F0CCFD083}"
EndProject
Global
	GlobalSection(SolutionConfigurationPlatforms) = preSolution
		Debug|Any CPU = Debug|Any CPU
		Release|Any CPU = Release|Any CPU
	EndGlobalSection
	GlobalSection(ProjectConfigurationPlatforms) = postSolution
		{AEDED8FC-FA99-47D5-B9D5-751F0CCFD083}.Debug|Any CPU.ActiveCfg = Debug|Any CPU
		{AEDED8FC-FA99-47D5-B9D5-751F0CCFD083}.Debug|Any CPU.Build.0 = Debug|Any CPU
		{AEDED8FC-FA99-47D5-B9D5-751F0CCFD083}.Release|Any CPU.ActiveCfg = Release|Any CPU
		{AEDED8FC-FA99-47D5-B9D5-751F0CCFD083}.Release|Any CPU.Build.0 = Release|Any CPU
	EndGlobalSection
	GlobalSection(SolutionProperties) = preSolution
		HideSolutionNode = FALSE
	EndGlobalSection
	GlobalSection(ExtensibilityGlobals) = postSolution
		SolutionGuid = {63EA93FA-D14A-484D-A11D-B07F2ECAAAB0}
	EndGlobalSection
EndGlobal
